// !$*UTF8*$!
{
	archiveVersion = 1;
	classes = {
	};
	objectVersion = 50;
	objects = {

/* Begin PBXBuildFile section */
		8E388A682460069700FDC571 /* AppDelegate.m in Sources */ = {isa = PBXBuildFile; fileRef = 8E388A672460069700FDC571 /* AppDelegate.m */; };
		8E388A702460069800FDC571 /* Assets.xcassets in Resources */ = {isa = PBXBuildFile; fileRef = 8E388A6F2460069800FDC571 /* Assets.xcassets */; };
		8E388A732460069800FDC571 /* LaunchScreen.storyboard in Resources */ = {isa = PBXBuildFile; fileRef = 8E388A712460069800FDC571 /* LaunchScreen.storyboard */; };
		8E388A762460069800FDC571 /* main.m in Sources */ = {isa = PBXBuildFile; fileRef = 8E388A752460069800FDC571 /* main.m */; };
		8E388A802460069800FDC571 /* oilMarketTests.m in Sources */ = {isa = PBXBuildFile; fileRef = 8E388A7F2460069800FDC571 /* oilMarketTests.m */; };
		8E388A8B2460069800FDC571 /* oilMarketUITests.m in Sources */ = {isa = PBXBuildFile; fileRef = 8E388A8A2460069800FDC571 /* oilMarketUITests.m */; };
/* End PBXBuildFile section */

/* Begin PBXContainerItemProxy section */
		8E388A7C2460069800FDC571 /* PBXContainerItemProxy */ = {
			isa = PBXContainerItemProxy;
			containerPortal = 8E388A5B2460069700FDC571 /* Project object */;
			proxyType = 1;
			remoteGlobalIDString = 8E388A622460069700FDC571;
			remoteInfo = oilMarket;
		};
		8E388A872460069800FDC571 /* PBXContainerItemProxy */ = {
			isa = PBXContainerItemProxy;
			containerPortal = 8E388A5B2460069700FDC571 /* Project object */;
			proxyType = 1;
			remoteGlobalIDString = 8E388A622460069700FDC571;
			remoteInfo = oilMarket;
		};
/* End PBXContainerItemProxy section */

/* Begin PBXFileReference section */
		8E388A632460069700FDC571 /* oilMarket.app */ = {isa = PBXFileReference; explicitFileType = wrapper.application; includeInIndex = 0; path = oilMarket.app; sourceTree = BUILT_PRODUCTS_DIR; };
		8E388A662460069700FDC571 /* AppDelegate.h */ = {isa = PBXFileReference; lastKnownFileType = sourcecode.c.h; path = AppDelegate.h; sourceTree = "<group>"; };
		8E388A672460069700FDC571 /* AppDelegate.m */ = {isa = PBXFileReference; lastKnownFileType = sourcecode.c.objc; path = AppDelegate.m; sourceTree = "<group>"; };
		8E388A6F2460069800FDC571 /* Assets.xcassets */ = {isa = PBXFileReference; lastKnownFileType = folder.assetcatalog; path = Assets.xcassets; sourceTree = "<group>"; };
		8E388A722460069800FDC571 /* Base */ = {isa = PBXFileReference; lastKnownFileType = file.storyboard; name = Base; path = Base.lproj/LaunchScreen.storyboard; sourceTree = "<group>"; };
		8E388A742460069800FDC571 /* Info.plist */ = {isa = PBXFileReference; lastKnownFileType = text.plist.xml; path = Info.plist; sourceTree = "<group>"; };
		8E388A752460069800FDC571 /* main.m */ = {isa = PBXFileReference; lastKnownFileType = sourcecode.c.objc; path = main.m; sourceTree = "<group>"; };
		8E388A7B2460069800FDC571 /* oilMarketTests.xctest */ = {isa = PBXFileReference; explicitFileType = wrapper.cfbundle; includeInIndex = 0; path = oilMarketTests.xctest; sourceTree = BUILT_PRODUCTS_DIR; };
		8E388A7F2460069800FDC571 /* oilMarketTests.m */ = {isa = PBXFileReference; lastKnownFileType = sourcecode.c.objc; path = oilMarketTests.m; sourceTree = "<group>"; };
		8E388A812460069800FDC571 /* Info.plist */ = {isa = PBXFileReference; lastKnownFileType = text.plist.xml; path = Info.plist; sourceTree = "<group>"; };
		8E388A862460069800FDC571 /* oilMarketUITests.xctest */ = {isa = PBXFileReference; explicitFileType = wrapper.cfbundle; includeInIndex = 0; path = oilMarketUITests.xctest; sourceTree = BUILT_PRODUCTS_DIR; };
		8E388A8A2460069800FDC571 /* oilMarketUITests.m */ = {isa = PBXFileReference; lastKnownFileType = sourcecode.c.objc; path = oilMarketUITests.m; sourceTree = "<group>"; };
		8E388A8C2460069800FDC571 /* Info.plist */ = {isa = PBXFileReference; lastKnownFileType = text.plist.xml; path = Info.plist; sourceTree = "<group>"; };
/* End PBXFileReference section */

/* Begin PBXFrameworksBuildPhase section */
		8E388A602460069700FDC571 /* Frameworks */ = {
			isa = PBXFrameworksBuildPhase;
			buildActionMask = 2147483647;
			files = (
			);
			runOnlyForDeploymentPostprocessing = 0;
		};
		8E388A782460069800FDC571 /* Frameworks */ = {
			isa = PBXFrameworksBuildPhase;
			buildActionMask = 2147483647;
			files = (
			);
			runOnlyForDeploymentPostprocessing = 0;
		};
		8E388A832460069800FDC571 /* Frameworks */ = {
			isa = PBXFrameworksBuildPhase;
			buildActionMask = 2147483647;
			files = (
			);
			runOnlyForDeploymentPostprocessing = 0;
		};
/* End PBXFrameworksBuildPhase section */

/* Begin PBXGroup section */
		8E388A5A2460069700FDC571 = {
			isa = PBXGroup;
			children = (
				8E388A652460069700FDC571 /* oilMarket */,
				8E388A7E2460069800FDC571 /* oilMarketTests */,
				8E388A892460069800FDC571 /* oilMarketUITests */,
				8E388A642460069700FDC571 /* Products */,
			);
			sourceTree = "<group>";
		};
		8E388A642460069700FDC571 /* Products */ = {
			isa = PBXGroup;
			children = (
				8E388A632460069700FDC571 /* oilMarket.app */,
				8E388A7B2460069800FDC571 /* oilMarketTests.xctest */,
				8E388A862460069800FDC571 /* oilMarketUITests.xctest */,
			);
			name = Products;
			sourceTree = "<group>";
		};
		8E388A652460069700FDC571 /* oilMarket */ = {
			isa = PBXGroup;
			children = (
				8E388A662460069700FDC571 /* AppDelegate.h */,
				8E388A672460069700FDC571 /* AppDelegate.m */,
				8E388A6F2460069800FDC571 /* Assets.xcassets */,
				8E388A712460069800FDC571 /* LaunchScreen.storyboard */,
				8E388A742460069800FDC571 /* Info.plist */,
				8E388A752460069800FDC571 /* main.m */,
			);
			path = oilMarket;
			sourceTree = "<group>";
		};
		8E388A7E2460069800FDC571 /* oilMarketTests */ = {
			isa = PBXGroup;
			children = (
				8E388A7F2460069800FDC571 /* oilMarketTests.m */,
				8E388A812460069800FDC571 /* Info.plist */,
			);
			path = oilMarketTests;
			sourceTree = "<group>";
		};
		8E388A892460069800FDC571 /* oilMarketUITests */ = {
			isa = PBXGroup;
			children = (
				8E388A8A2460069800FDC571 /* oilMarketUITests.m */,
				8E388A8C2460069800FDC571 /* Info.plist */,
			);
			path = oilMarketUITests;
			sourceTree = "<group>";
		};
/* End PBXGroup section */

/* Begin PBXNativeTarget section */
		8E388A622460069700FDC571 /* oilMarket */ = {
			isa = PBXNativeTarget;
			buildConfigurationList = 8E388A8F2460069800FDC571 /* Build configuration list for PBXNativeTarget "oilMarket" */;
			buildPhases = (
				8E388A5F2460069700FDC571 /* Sources */,
				8E388A602460069700FDC571 /* Frameworks */,
				8E388A612460069700FDC571 /* Resources */,
			);
			buildRules = (
			);
			dependencies = (
			);
			name = oilMarket;
			productName = oilMarket;
			productReference = 8E388A632460069700FDC571 /* oilMarket.app */;
			productType = "com.apple.product-type.application";
		};
		8E388A7A2460069800FDC571 /* oilMarketTests */ = {
			isa = PBXNativeTarget;
			buildConfigurationList = 8E388A922460069800FDC571 /* Build configuration list for PBXNativeTarget "oilMarketTests" */;
			buildPhases = (
				8E388A772460069800FDC571 /* Sources */,
				8E388A782460069800FDC571 /* Frameworks */,
				8E388A792460069800FDC571 /* Resources */,
			);
			buildRules = (
			);
			dependencies = (
				8E388A7D2460069800FDC571 /* PBXTargetDependency */,
			);
			name = oilMarketTests;
			productName = oilMarketTests;
			productReference = 8E388A7B2460069800FDC571 /* oilMarketTests.xctest */;
			productType = "com.apple.product-type.bundle.unit-test";
		};
		8E388A852460069800FDC571 /* oilMarketUITests */ = {
			isa = PBXNativeTarget;
			buildConfigurationList = 8E388A952460069800FDC571 /* Build configuration list for PBXNativeTarget "oilMarketUITests" */;
			buildPhases = (
				8E388A822460069800FDC571 /* Sources */,
				8E388A832460069800FDC571 /* Frameworks */,
				8E388A842460069800FDC571 /* Resources */,
			);
			buildRules = (
			);
			dependencies = (
				8E388A882460069800FDC571 /* PBXTargetDependency */,
			);
			name = oilMarketUITests;
			productName = oilMarketUITests;
			productReference = 8E388A862460069800FDC571 /* oilMarketUITests.xctest */;
			productType = "com.apple.product-type.bundle.ui-testing";
		};
/* End PBXNativeTarget section */

/* Begin PBXProject section */
		8E388A5B2460069700FDC571 /* Project object */ = {
			isa = PBXProject;
			attributes = {
				LastUpgradeCheck = 0930;
				ORGANIZATIONNAME = ZengChanghuan;
				TargetAttributes = {
					8E388A622460069700FDC571 = {
						CreatedOnToolsVersion = 9.3;
					};
					8E388A7A2460069800FDC571 = {
						CreatedOnToolsVersion = 9.3;
						TestTargetID = 8E388A622460069700FDC571;
					};
					8E388A852460069800FDC571 = {
						CreatedOnToolsVersion = 9.3;
						TestTargetID = 8E388A622460069700FDC571;
					};
				};
			};
			buildConfigurationList = 8E388A5E2460069700FDC571 /* Build configuration list for PBXProject "oilMarket" */;
			compatibilityVersion = "Xcode 9.3";
			developmentRegion = en;
			hasScannedForEncodings = 0;
			knownRegions = (
				en,
				Base,
			);
			mainGroup = 8E388A5A2460069700FDC571;
			productRefGroup = 8E388A642460069700FDC571 /* Products */;
			projectDirPath = "";
			projectRoot = "";
			targets = (
				8E388A622460069700FDC571 /* oilMarket */,
				8E388A7A2460069800FDC571 /* oilMarketTests */,
				8E388A852460069800FDC571 /* oilMarketUITests */,
			);
		};
/* End PBXProject section */

/* Begin PBXResourcesBuildPhase section */
		8E388A612460069700FDC571 /* Resources */ = {
			isa = PBXResourcesBuildPhase;
			buildActionMask = 2147483647;
			files = (
				8E388A732460069800FDC571 /* LaunchScreen.storyboard in Resources */,
				8E388A702460069800FDC571 /* Assets.xcassets in Resources */,
			);
			runOnlyForDeploymentPostprocessing = 0;
		};
		8E388A792460069800FDC571 /* Resources */ = {
			isa = PBXResourcesBuildPhase;
			buildActionMask = 2147483647;
			files = (
			);
			runOnlyForDeploymentPostprocessing = 0;
		};
		8E388A842460069800FDC571 /* Resources */ = {
			isa = PBXResourcesBuildPhase;
			buildActionMask = 2147483647;
			files = (
			);
			runOnlyForDeploymentPostprocessing = 0;
		};
/* End PBXResourcesBuildPhase section */

/* Begin PBXSourcesBuildPhase section */
		8E388A5F2460069700FDC571 /* Sources */ = {
			isa = PBXSourcesBuildPhase;
			buildActionMask = 2147483647;
			files = (
				8E388A762460069800FDC571 /* main.m in Sources */,
				8E388A682460069700FDC571 /* AppDelegate.m in Sources */,
			);
			runOnlyForDeploymentPostprocessing = 0;
		};
		8E388A772460069800FDC571 /* Sources */ = {
			isa = PBXSourcesBuildPhase;
			buildActionMask = 2147483647;
			files = (
				8E388A802460069800FDC571 /* oilMarketTests.m in Sources */,
			);
			runOnlyForDeploymentPostprocessing = 0;
		};
		8E388A822460069800FDC571 /* Sources */ = {
			isa = PBXSourcesBuildPhase;
			buildActionMask = 2147483647;
			files = (
				8E388A8B2460069800FDC571 /* oilMarketUITests.m in Sources */,
			);
			runOnlyForDeploymentPostprocessing = 0;
		};
/* End PBXSourcesBuildPhase section */

/* Begin PBXTargetDependency section */
		8E388A7D2460069800FDC571 /* PBXTargetDependency */ = {
			isa = PBXTargetDependency;
			target = 8E388A622460069700FDC571 /* oilMarket */;
			targetProxy = 8E388A7C2460069800FDC571 /* PBXContainerItemProxy */;
		};
		8E388A882460069800FDC571 /* PBXTargetDependency */ = {
			isa = PBXTargetDependency;
			target = 8E388A622460069700FDC571 /* oilMarket */;
			targetProxy = 8E388A872460069800FDC571 /* PBXContainerItemProxy */;
		};
/* End PBXTargetDependency section */

/* Begin PBXVariantGroup section */
		8E388A712460069800FDC571 /* LaunchScreen.storyboard */ = {
			isa = PBXVariantGroup;
			children = (
				8E388A722460069800FDC571 /* Base */,
			);
			name = LaunchScreen.storyboard;
			sourceTree = "<group>";
		};
/* End PBXVariantGroup section */

/* Begin XCBuildConfiguration section */
		8E388A8D2460069800FDC571 /* Debug */ = {
			isa = XCBuildConfiguration;
			buildSettings = {
				ALWAYS_SEARCH_USER_PATHS = NO;
				CLANG_ANALYZER_NONNULL = YES;
				CLANG_ANALYZER_NUMBER_OBJECT_CONVERSION = YES_AGGRESSIVE;
				CLANG_CXX_LANGUAGE_STANDARD = "gnu++14";
				CLANG_CXX_LIBRARY = "libc++";
				CLANG_ENABLE_MODULES = YES;
				CLANG_ENABLE_OBJC_ARC = YES;
				CLANG_ENABLE_OBJC_WEAK = YES;
				CLANG_WARN_BLOCK_CAPTURE_AUTORELEASING = YES;
				CLANG_WARN_BOOL_CONVERSION = YES;
				CLANG_WARN_COMMA = YES;
				CLANG_WARN_CONSTANT_CONVERSION = YES;
				CLANG_WARN_DEPRECATED_OBJC_IMPLEMENTATIONS = YES;
				CLANG_WARN_DIRECT_OBJC_ISA_USAGE = YES_ERROR;
				CLANG_WARN_DOCUMENTATION_COMMENTS = YES;
				CLANG_WARN_EMPTY_BODY = YES;
				CLANG_WARN_ENUM_CONVERSION = YES;
				CLANG_WARN_INFINITE_RECURSION = YES;
				CLANG_WARN_INT_CONVERSION = YES;
				CLANG_WARN_NON_LITERAL_NULL_CONVERSION = YES;
				CLANG_WARN_OBJC_IMPLICIT_RETAIN_SELF = YES;
				CLANG_WARN_OBJC_LITERAL_CONVERSION = YES;
				CLANG_WARN_OBJC_ROOT_CLASS = YES_ERROR;
				CLANG_WARN_RANGE_LOOP_ANALYSIS = YES;
				CLANG_WARN_STRICT_PROTOTYPES = YES;
				CLANG_WARN_SUSPICIOUS_MOVE = YES;
				CLANG_WARN_UNGUARDED_AVAILABILITY = YES_AGGRESSIVE;
				CLANG_WARN_UNREACHABLE_CODE = YES;
				CLANG_WARN__DUPLICATE_METHOD_MATCH = YES;
				CODE_SIGN_IDENTITY = "iPhone Developer";
				COPY_PHASE_STRIP = NO;
				DEBUG_INFORMATION_FORMAT = dwarf;
				ENABLE_STRICT_OBJC_MSGSEND = YES;
				ENABLE_TESTABILITY = YES;
				GCC_C_LANGUAGE_STANDARD = gnu11;
				GCC_DYNAMIC_NO_PIC = NO;
				GCC_NO_COMMON_BLOCKS = YES;
				GCC_OPTIMIZATION_LEVEL = 0;
				GCC_PREPROCESSOR_DEFINITIONS = (
					"DEBUG=1",
					"$(inherited)",
				);
				GCC_WARN_64_TO_32_BIT_CONVERSION = YES;
				GCC_WARN_ABOUT_RETURN_TYPE = YES_ERROR;
				GCC_WARN_UNDECLARED_SELECTOR = YES;
				GCC_WARN_UNINITIALIZED_AUTOS = YES_AGGRESSIVE;
				GCC_WARN_UNUSED_FUNCTION = YES;
				GCC_WARN_UNUSED_VARIABLE = YES;
				IPHONEOS_DEPLOYMENT_TARGET = 11.3;
				MTL_ENABLE_DEBUG_INFO = YES;
				ONLY_ACTIVE_ARCH = YES;
				SDKROOT = iphoneos;
			};
			name = Debug;
		};
		8E388A8E2460069800FDC571 /* Release */ = {
			isa = XCBuildConfiguration;
			buildSettings = {
				ALWAYS_SEARCH_USER_PATHS = NO;
				CLANG_ANALYZER_NONNULL = YES;
				CLANG_ANALYZER_NUMBER_OBJECT_CONVERSION = YES_AGGRESSIVE;
				CLANG_CXX_LANGUAGE_STANDARD = "gnu++14";
				CLANG_CXX_LIBRARY = "libc++";
				CLANG_ENABLE_MODULES = YES;
				CLANG_ENABLE_OBJC_ARC = YES;
				CLANG_ENABLE_OBJC_WEAK = YES;
				CLANG_WARN_BLOCK_CAPTURE_AUTORELEASING = YES;
				CLANG_WARN_BOOL_CONVERSION = YES;
				CLANG_WARN_COMMA = YES;
				CLANG_WARN_CONSTANT_CONVERSION = YES;
				CLANG_WARN_DEPRECATED_OBJC_IMPLEMENTATIONS = YES;
				CLANG_WARN_DIRECT_OBJC_ISA_USAGE = YES_ERROR;
				CLANG_WARN_DOCUMENTATION_COMMENTS = YES;
				CLANG_WARN_EMPTY_BODY = YES;
				CLANG_WARN_ENUM_CONVERSION = YES;
				CLANG_WARN_INFINITE_RECURSION = YES;
				CLANG_WARN_INT_CONVERSION = YES;
				CLANG_WARN_NON_LITERAL_NULL_CONVERSION = YES;
				CLANG_WARN_OBJC_IMPLICIT_RETAIN_SELF = YES;
				CLANG_WARN_OBJC_LITERAL_CONVERSION = YES;
				CLANG_WARN_OBJC_ROOT_CLASS = YES_ERROR;
				CLANG_WARN_RANGE_LOOP_ANALYSIS = YES;
				CLANG_WARN_STRICT_PROTOTYPES = YES;
				CLANG_WARN_SUSPICIOUS_MOVE = YES;
				CLANG_WARN_UNGUARDED_AVAILABILITY = YES_AGGRESSIVE;
				CLANG_WARN_UNREACHABLE_CODE = YES;
				CLANG_WARN__DUPLICATE_METHOD_MATCH = YES;
				CODE_SIGN_IDENTITY = "iPhone Developer";
				COPY_PHASE_STRIP = NO;
				DEBUG_INFORMATION_FORMAT = "dwarf-with-dsym";
				ENABLE_NS_ASSERTIONS = NO;
				ENABLE_STRICT_OBJC_MSGSEND = YES;
				GCC_C_LANGUAGE_STANDARD = gnu11;
				GCC_NO_COMMON_BLOCKS = YES;
				GCC_WARN_64_TO_32_BIT_CONVERSION = YES;
				GCC_WARN_ABOUT_RETURN_TYPE = YES_ERROR;
				GCC_WARN_UNDECLARED_SELECTOR = YES;
				GCC_WARN_UNINITIALIZED_AUTOS = YES_AGGRESSIVE;
				GCC_WARN_UNUSED_FUNCTION = YES;
				GCC_WARN_UNUSED_VARIABLE = YES;
				IPHONEOS_DEPLOYMENT_TARGET = 11.3;
				MTL_ENABLE_DEBUG_INFO = NO;
				SDKROOT = iphoneos;
				VALIDATE_PRODUCT = YES;
			};
			name = Release;
		};
		8E388A902460069800FDC571 /* Debug */ = {
			isa = XCBuildConfiguration;
			buildSettings = {
				ASSETCATALOG_COMPILER_APPICON_NAME = AppIcon;
				CODE_SIGN_STYLE = Automatic;
				DEVELOPMENT_TEAM = 6Z7G93544J;
				INFOPLIST_FILE = oilMarket/Info.plist;
				LD_RUNPATH_SEARCH_PATHS = (
					"$(inherited)",
					"@executable_path/Frameworks",
				);
				PRODUCT_BUNDLE_IDENTIFIER = LuCent.com.cn.oilMarket;
				PRODUCT_NAME = "$(TARGET_NAME)";
				TARGETED_DEVICE_FAMILY = "1,2";
			};
			name = Debug;
		};
		8E388A912460069800FDC571 /* Release */ = {
			isa = XCBuildConfiguration;
			buildSettings = {
				ASSETCATALOG_COMPILER_APPICON_NAME = AppIcon;
				CODE_SIGN_STYLE = Automatic;
				DEVELOPMENT_TEAM = 6Z7G93544J;
				INFOPLIST_FILE = oilMarket/Info.plist;
				LD_RUNPATH_SEARCH_PATHS = (
					"$(inherited)",
					"@executable_path/Frameworks",
				);
				PRODUCT_BUNDLE_IDENTIFIER = LuCent.com.cn.oilMarket;
				PRODUCT_NAME = "$(TARGET_NAME)";
				TARGETED_DEVICE_FAMILY = "1,2";
			};
			name = Release;
		};
		8E388A932460069800FDC571 /* Debug */ = {
			isa = XCBuildConfiguration;
			buildSettings = {
				BUNDLE_LOADER = "$(TEST_HOST)";
				CODE_SIGN_STYLE = Automatic;
				INFOPLIST_FILE = oilMarketTests/Info.plist;
				LD_RUNPATH_SEARCH_PATHS = (
					"$(inherited)",
					"@executable_path/Frameworks",
					"@loader_path/Frameworks",
				);
				PRODUCT_BUNDLE_IDENTIFIER = LuCent.com.cn.oilMarketTests;
				PRODUCT_NAME = "$(TARGET_NAME)";
				TARGETED_DEVICE_FAMILY = "1,2";
				TEST_HOST = "$(BUILT_PRODUCTS_DIR)/oilMarket.app/oilMarket";
			};
			name = Debug;
		};
		8E388A942460069800FDC571 /* Release */ = {
			isa = XCBuildConfiguration;
			buildSettings = {
				BUNDLE_LOADER = "$(TEST_HOST)";
				CODE_SIGN_STYLE = Automatic;
				INFOPLIST_FILE = oilMarketTests/Info.plist;
				LD_RUNPATH_SEARCH_PATHS = (
					"$(inherited)",
					"@executable_path/Frameworks",
					"@loader_path/Frameworks",
				);
				PRODUCT_BUNDLE_IDENTIFIER = LuCent.com.cn.oilMarketTests;
				PRODUCT_NAME = "$(TARGET_NAME)";
				TARGETED_DEVICE_FAMILY = "1,2";
				TEST_HOST = "$(BUILT_PRODUCTS_DIR)/oilMarket.app/oilMarket";
			};
			name = Release;
		};
		8E388A962460069800FDC571 /* Debug */ = {
			isa = XCBuildConfiguration;
			buildSettings = {
				CODE_SIGN_STYLE = Automatic;
				INFOPLIST_FILE = oilMarketUITests/Info.plist;
				LD_RUNPATH_SEARCH_PATHS = (
					"$(inherited)",
					"@executable_path/Frameworks",
					"@loader_path/Frameworks",
				);
				PRODUCT_BUNDLE_IDENTIFIER = LuCent.com.cn.oilMarketUITests;
				PRODUCT_NAME = "$(TARGET_NAME)";
				TARGETED_DEVICE_FAMILY = "1,2";
				TEST_TARGET_NAME = oilMarket;
			};
			name = Debug;
		};
		8E388A972460069800FDC571 /* Release */ = {
			isa = XCBuildConfiguration;
			buildSettings = {
				CODE_SIGN_STYLE = Automatic;
				INFOPLIST_FILE = oilMarketUITests/Info.plist;
				LD_RUNPATH_SEARCH_PATHS = (
					"$(inherited)",
					"@executable_path/Frameworks",
					"@loader_path/Frameworks",
				);
				PRODUCT_BUNDLE_IDENTIFIER = LuCent.com.cn.oilMarketUITests;
				PRODUCT_NAME = "$(TARGET_NAME)";
				TARGETED_DEVICE_FAMILY = "1,2";
				TEST_TARGET_NAME = oilMarket;
			};
			name = Release;
		};
/* End XCBuildConfiguration section */

/* Begin XCConfigurationList section */
		8E388A5E2460069700FDC571 /* Build configuration list for PBXProject "oilMarket" */ = {
			isa = XCConfigurationList;
			buildConfigurations = (
				8E388A8D2460069800FDC571 /* Debug */,
				8E388A8E2460069800FDC571 /* Release */,
			);
			defaultConfigurationIsVisible = 0;
			defaultConfigurationName = Release;
		};
		8E388A8F2460069800FDC571 /* Build configuration list for PBXNativeTarget "oilMarket" */ = {
			isa = XCConfigurationList;
			buildConfigurations = (
				8E388A902460069800FDC571 /* Debug */,
				8E388A912460069800FDC571 /* Release */,
			);
			defaultConfigurationIsVisible = 0;
			defaultConfigurationName = Release;
		};
		8E388A922460069800FDC571 /* Build configuration list for PBXNativeTarget "oilMarketTests" */ = {
			isa = XCConfigurationList;
			buildConfigurations = (
				8E388A932460069800FDC571 /* Debug */,
				8E388A942460069800FDC571 /* Release */,
			);
			defaultConfigurationIsVisible = 0;
			defaultConfigurationName = Release;
		};
		8E388A952460069800FDC571 /* Build configuration list for PBXNativeTarget "oilMarketUITests" */ = {
			isa = XCConfigurationList;
			buildConfigurations = (
				8E388A962460069800FDC571 /* Debug */,
				8E388A972460069800FDC571 /* Release */,
			);
			defaultConfigurationIsVisible = 0;
			defaultConfigurationName = Release;
		};
/* End XCConfigurationList section */
	};
	rootObject = 8E388A5B2460069700FDC571 /* Project object */;
}
